
Microsoft Visual Studio Solution File, Format Version 12.00
# Visual Studio Version 16
VisualStudioVersion = 16.0.32802.440
MinimumVisualStudioVersion = 10.0.40219.1
Project("{FAE04EC0-301F-11D3-BF4B-00C04F79EFBC}") = "Shell_Injector", "Shell_Injector\Shell_Injector.csproj", "{FECFE640-C6AE-4331-84C3-9F1CC74A6469}"
EndProject
Global
	GlobalSection(SolutionConfigurationPlatforms) = preSolution
		Debug|Any CPU = Debug|Any CPU
		Debug|x64 = Debug|x64
		Release|Any CPU = Release|Any CPU
		Release|x64 = Release|x64
	EndGlobalSection
	GlobalSection(ProjectConfigurationPlatforms) = postSolution
		{FECFE640-C6AE-4331-84C3-9F1CC74A6469}.Debug|Any CPU.ActiveCfg = Debug|Any CPU
		{FECFE640-C6AE-4331-84C3-9F1CC74A6469}.Debug|Any CPU.Build.0 = Debug|Any CPU
		{FECFE640-C6AE-4331-84C3-9F1CC74A6469}.Debug|x64.ActiveCfg = Debug|x64
		{FECFE640-C6AE-4331-84C3-9F1CC74A6469}.Debug|x64.Build.0 = Debug|x64
		{FECFE640-C6AE-4331-84C3-9F1CC74A6469}.Release|Any CPU.ActiveCfg = Release|Any CPU
		{FECFE640-C6AE-4331-84C3-9F1CC74A6469}.Release|Any CPU.Build.0 = Release|Any CPU
		{FECFE640-C6AE-4331-84C3-9F1CC74A6469}.Release|x64.ActiveCfg = Release|x64
		{FECFE640-C6AE-4331-84C3-9F1CC74A6469}.Release|x64.Build.0 = Release|x64
	EndGlobalSection
	GlobalSection(SolutionProperties) = preSolution
		HideSolutionNode = FALSE
	EndGlobalSection
	GlobalSection(ExtensibilityGlobals) = postSolution
		SolutionGuid = {E98D615D-3108-49B0-807F-826C68591224}
	EndGlobalSection
EndGlobal
